
Microsoft Visual Studio Solution File, Format Version 12.00
# Visual Studio 14
VisualStudioVersion = 14.0.25420.1
MinimumVisualStudioVersion = 10.0.40219.1
Project("{8BC9CEB8-8B4A-11D0-8D11-00A0C91BC942}") = "WenglorConsoleApplication", "ConsoleApplication1\ConsoleApplication1.vcxproj", "{2C94D807-D7BF-4DCD-A724-D90CFB5E6D7E}"
EndProject
Project("{8BC9CEB8-8B4A-11D0-8D11-00A0C91BC942}") = "ImageOperations", "ConsoleApplication3\ConsoleApplication3.vcxproj", "{9874D026-5998-4018-AD53-3373F15D3511}"
EndProject
Project("{FAE04EC0-301F-11D3-BF4B-00C04F79EFBC}") = "WenglorGUIApplication", "WindowsFormsApplication1\WenglorGUIApplication.csproj", "{BCDDE8A7-FD53-4BAB-918F-CA79256C8E94}"
EndProject
Global
	GlobalSection(SolutionConfigurationPlatforms) = preSolution
		Debug|Any CPU = Debug|Any CPU
		Debug|x64 = Debug|x64
		Debug|x86 = Debug|x86
		Release|Any CPU = Release|Any CPU
		Release|x64 = Release|x64
		Release|x86 = Release|x86
	EndGlobalSection
	GlobalSection(ProjectConfigurationPlatforms) = postSolution
		{2C94D807-D7BF-4DCD-A724-D90CFB5E6D7E}.Debug|Any CPU.ActiveCfg = Debug|Win32
		{2C94D807-D7BF-4DCD-A724-D90CFB5E6D7E}.Debug|x64.ActiveCfg = Debug|x64
		{2C94D807-D7BF-4DCD-A724-D90CFB5E6D7E}.Debug|x64.Build.0 = Debug|x64
		{2C94D807-D7BF-4DCD-A724-D90CFB5E6D7E}.Debug|x86.ActiveCfg = Debug|Win32
		{2C94D807-D7BF-4DCD-A724-D90CFB5E6D7E}.Debug|x86.Build.0 = Debug|Win32
		{2C94D807-D7BF-4DCD-A724-D90CFB5E6D7E}.Release|Any CPU.ActiveCfg = Release|Win32
		{2C94D807-D7BF-4DCD-A724-D90CFB5E6D7E}.Release|x64.ActiveCfg = Release|x64
		{2C94D807-D7BF-4DCD-A724-D90CFB5E6D7E}.Release|x64.Build.0 = Release|x64
		{2C94D807-D7BF-4DCD-A724-D90CFB5E6D7E}.Release|x86.ActiveCfg = Release|Win32
		{2C94D807-D7BF-4DCD-A724-D90CFB5E6D7E}.Release|x86.Build.0 = Release|Win32
		{9874D026-5998-4018-AD53-3373F15D3511}.Debug|Any CPU.ActiveCfg = Debug|Win32
		{9874D026-5998-4018-AD53-3373F15D3511}.Debug|x64.ActiveCfg = Debug|x64
		{9874D026-5998-4018-AD53-3373F15D3511}.Debug|x64.Build.0 = Debug|x64
		{9874D026-5998-4018-AD53-3373F15D3511}.Debug|x86.ActiveCfg = Debug|Win32
		{9874D026-5998-4018-AD53-3373F15D3511}.Debug|x86.Build.0 = Debug|Win32
		{9874D026-5998-4018-AD53-3373F15D3511}.Release|Any CPU.ActiveCfg = Release|Win32
		{9874D026-5998-4018-AD53-3373F15D3511}.Release|x64.ActiveCfg = Release|x64
		{9874D026-5998-4018-AD53-3373F15D3511}.Release|x64.Build.0 = Release|x64
		{9874D026-5998-4018-AD53-3373F15D3511}.Release|x86.ActiveCfg = Release|Win32
		{9874D026-5998-4018-AD53-3373F15D3511}.Release|x86.Build.0 = Release|Win32
		{BCDDE8A7-FD53-4BAB-918F-CA79256C8E94}.Debug|Any CPU.ActiveCfg = Debug|Any CPU
		{BCDDE8A7-FD53-4BAB-918F-CA79256C8E94}.Debug|Any CPU.Build.0 = Debug|Any CPU
		{BCDDE8A7-FD53-4BAB-918F-CA79256C8E94}.Debug|x64.ActiveCfg = Debug|Any CPU
		{BCDDE8A7-FD53-4BAB-918F-CA79256C8E94}.Debug|x64.Build.0 = Debug|Any CPU
		{BCDDE8A7-FD53-4BAB-918F-CA79256C8E94}.Debug|x86.ActiveCfg = Debug|Any CPU
		{BCDDE8A7-FD53-4BAB-918F-CA79256C8E94}.Debug|x86.Build.0 = Debug|Any CPU
		{BCDDE8A7-FD53-4BAB-918F-CA79256C8E94}.Release|Any CPU.ActiveCfg = Release|Any CPU
		{BCDDE8A7-FD53-4BAB-918F-CA79256C8E94}.Release|Any CPU.Build.0 = Release|Any CPU
		{BCDDE8A7-FD53-4BAB-918F-CA79256C8E94}.Release|x64.ActiveCfg = Release|Any CPU
		{BCDDE8A7-FD53-4BAB-918F-CA79256C8E94}.Release|x64.Build.0 = Release|Any CPU
		{BCDDE8A7-FD53-4BAB-918F-CA79256C8E94}.Release|x86.ActiveCfg = Release|Any CPU
		{BCDDE8A7-FD53-4BAB-918F-CA79256C8E94}.Release|x86.Build.0 = Release|Any CPU
	EndGlobalSection
	GlobalSection(SolutionProperties) = preSolution
		HideSolutionNode = FALSE
	EndGlobalSection
	GlobalSection(TeamFoundationVersionControl) = preSolution
		SccNumberOfProjects = 4
		SccEnterpriseProvider = {4CA58AB2-18FA-4F8D-95D4-32DDF27D184C}
		SccTeamFoundationServer = https://mateialexandru.visualstudio.com/
		SccLocalPath0 = .
		SccProjectUniqueName1 = ConsoleApplication1\\ConsoleApplication1.vcxproj
		SccProjectName1 = ConsoleApplication1
		SccLocalPath1 = ConsoleApplication1
		SccProjectUniqueName2 = ConsoleApplication3\\ConsoleApplication3.vcxproj
		SccProjectName2 = ConsoleApplication3
		SccLocalPath2 = ConsoleApplication3
		SccProjectUniqueName3 = WindowsFormsApplication1\\WenglorGUIApplication.csproj
		SccProjectName3 = WindowsFormsApplication1
		SccLocalPath3 = WindowsFormsApplication1
	EndGlobalSection
EndGlobal
